
Microsoft Visual Studio Solution File, Format Version 12.00
# Visual Studio Version 17
VisualStudioVersion = 17.4.33213.308
MinimumVisualStudioVersion = 10.0.40219.1
Project("{FAE04EC0-301F-11D3-BF4B-00C04F79EFBC}") = "Examen", "Examen.csproj", "{8206BEB7-3DBA-45BD-937C-0C32C2194668}"
EndProject
Global
	GlobalSection(SolutionConfigurationPlatforms) = preSolution
		Debug|Any CPU = Debug|Any CPU
		Release|Any CPU = Release|Any CPU
	EndGlobalSection
	GlobalSection(ProjectConfigurationPlatforms) = postSolution
		{8206BEB7-3DBA-45BD-937C-0C32C2194668}.Debug|Any CPU.ActiveCfg = Debug|Any CPU
		{8206BEB7-3DBA-45BD-937C-0C32C2194668}.Debug|Any CPU.Build.0 = Debug|Any CPU
		{8206BEB7-3DBA-45BD-937C-0C32C2194668}.Release|Any CPU.ActiveCfg = Release|Any CPU
		{8206BEB7-3DBA-45BD-937C-0C32C2194668}.Release|Any CPU.Build.0 = Release|Any CPU
	EndGlobalSection
	GlobalSection(SolutionProperties) = preSolution
		HideSolutionNode = FALSE
	EndGlobalSection
	GlobalSection(ExtensibilityGlobals) = postSolution
		SolutionGuid = {619ED3E7-6C16-4720-9B67-2A8FDC30DD5A}
	EndGlobalSection
EndGlobal
